
Microsoft Visual Studio Solution File, Format Version 12.00
# Visual Studio Version 17
VisualStudioVersion = 17.3.32804.467
MinimumVisualStudioVersion = 10.0.40219.1
Project("{FAE04EC0-301F-11D3-BF4B-00C04F79EFBC}") = "NBILicenseProjectAPI", "NBILicenseProject\NBILicenseProjectAPI.csproj", "{B2B250F4-085C-474A-B7DB-6F1C4B204371}"
EndProject
Project("{FAE04EC0-301F-11D3-BF4B-00C04F79EFBC}") = "NBILicenseProjectMVC", "NBILicenseProjectMVC\NBILicenseProjectMVC.csproj", "{25220FEA-0DFA-4BFD-8EC2-EB6F1011C4A5}"
EndProject
Global
	GlobalSection(SolutionConfigurationPlatforms) = preSolution
		Debug|Any CPU = Debug|Any CPU
		Release|Any CPU = Release|Any CPU
	EndGlobalSection
	GlobalSection(ProjectConfigurationPlatforms) = postSolution
		{B2B250F4-085C-474A-B7DB-6F1C4B204371}.Debug|Any CPU.ActiveCfg = Debug|Any CPU
		{B2B250F4-085C-474A-B7DB-6F1C4B204371}.Debug|Any CPU.Build.0 = Debug|Any CPU
		{B2B250F4-085C-474A-B7DB-6F1C4B204371}.Release|Any CPU.ActiveCfg = Release|Any CPU
		{B2B250F4-085C-474A-B7DB-6F1C4B204371}.Release|Any CPU.Build.0 = Release|Any CPU
		{25220FEA-0DFA-4BFD-8EC2-EB6F1011C4A5}.Debug|Any CPU.ActiveCfg = Debug|Any CPU
		{25220FEA-0DFA-4BFD-8EC2-EB6F1011C4A5}.Debug|Any CPU.Build.0 = Debug|Any CPU
		{25220FEA-0DFA-4BFD-8EC2-EB6F1011C4A5}.Release|Any CPU.ActiveCfg = Release|Any CPU
		{25220FEA-0DFA-4BFD-8EC2-EB6F1011C4A5}.Release|Any CPU.Build.0 = Release|Any CPU
	EndGlobalSection
	GlobalSection(SolutionProperties) = preSolution
		HideSolutionNode = FALSE
	EndGlobalSection
	GlobalSection(ExtensibilityGlobals) = postSolution
		SolutionGuid = {740DE5C4-7853-4BCC-B194-10DC90C19216}
	EndGlobalSection
EndGlobal
